{
  "version": 4,
  "terraform_version": "1.1.4",
  "serial": 60,
  "lineage": "8c13b8f5-aeeb-03a6-06f2-aa70fa118503",
  "outputs": {
    "external_ip_address_node01": {
      "value": "178.154.200.125",
      "type": "string"
    },
    "external_ip_address_node02": {
      "value": "178.154.207.1",
      "type": "string"
    },
    "external_ip_address_node03": {
      "value": "62.84.126.124",
      "type": "string"
    },
    "external_ip_address_node04": {
      "value": "178.154.201.235",
      "type": "string"
    },
    "external_ip_address_node05": {
      "value": "178.154.205.80",
      "type": "string"
    },
    "external_ip_address_node06": {
      "value": "62.84.125.133",
      "type": "string"
    },
    "internal_ip_address_node01": {
      "value": "192.168.101.11",
      "type": "string"
    },
    "internal_ip_address_node02": {
      "value": "192.168.101.12",
      "type": "string"
    },
    "internal_ip_address_node03": {
      "value": "192.168.101.13",
      "type": "string"
    },
    "internal_ip_address_node04": {
      "value": "192.168.101.14",
      "type": "string"
    },
    "internal_ip_address_node05": {
      "value": "192.168.101.15",
      "type": "string"
    },
    "internal_ip_address_node06": {
      "value": "192.168.101.16",
      "type": "string"
    }
  },
  "resources": [
    {
      "mode": "managed",
      "type": "local_file",
      "name": "inventory",
      "provider": "provider[\"registry.terraform.io/hashicorp/local\"]",
      "instances": [
        {
          "schema_version": 0,
          "attributes": {
            "content": "# Ansible inventory containing variable values from Terraform.\n# Generated by Terraform.\n\n[nodes:children]\nmanagers\nworkers\n\n[managers:children]\nactive\nstandby\n\n[active]\nnode01.netology.yc ansible_host=178.154.200.125\n\n[standby]\nnode02.netology.yc ansible_host=178.154.207.1\nnode03.netology.yc ansible_host=62.84.126.124\n\n[workers]\nnode04.netology.yc ansible_host=178.154.201.235\nnode05.netology.yc ansible_host=178.154.205.80\nnode06.netology.yc ansible_host=62.84.125.133\n",
            "content_base64": null,
            "directory_permission": "0777",
            "file_permission": "0777",
            "filename": "../ansible/inventory",
            "id": "8ddbdd456474238898106b8fa993a53f7d6c31a8",
            "sensitive_content": null,
            "source": null
          },
          "sensitive_attributes": [],
          "private": "bnVsbA==",
          "dependencies": [
            "yandex_compute_instance.node01",
            "yandex_compute_instance.node02",
            "yandex_compute_instance.node03",
            "yandex_compute_instance.node04",
            "yandex_compute_instance.node05",
            "yandex_compute_instance.node06",
            "yandex_vpc_network.default",
            "yandex_vpc_subnet.default"
          ]
        }
      ]
    },
    {
      "mode": "managed",
      "type": "null_resource",
      "name": "cluster",
      "provider": "provider[\"registry.terraform.io/hashicorp/null\"]",
      "instances": [
        {
          "schema_version": 0,
          "attributes": {
            "id": "2845673206053028548",
            "triggers": null
          },
          "sensitive_attributes": [],
          "private": "bnVsbA==",
          "dependencies": [
            "local_file.inventory",
            "null_resource.wait",
            "yandex_compute_instance.node01",
            "yandex_compute_instance.node02",
            "yandex_compute_instance.node03",
            "yandex_compute_instance.node04",
            "yandex_compute_instance.node05",
            "yandex_compute_instance.node06",
            "yandex_vpc_network.default",
            "yandex_vpc_subnet.default"
          ]
        }
      ]
    },
    {
      "mode": "managed",
      "type": "null_resource",
      "name": "monitoring",
      "provider": "provider[\"registry.terraform.io/hashicorp/null\"]",
      "instances": [
        {
          "schema_version": 0,
          "attributes": {
            "id": "4464907906776739286",
            "triggers": null
          },
          "sensitive_attributes": [],
          "private": "bnVsbA==",
          "dependencies": [
            "local_file.inventory",
            "null_resource.cluster",
            "null_resource.sync",
            "null_resource.wait",
            "yandex_compute_instance.node01",
            "yandex_compute_instance.node02",
            "yandex_compute_instance.node03",
            "yandex_compute_instance.node04",
            "yandex_compute_instance.node05",
            "yandex_compute_instance.node06",
            "yandex_vpc_network.default",
            "yandex_vpc_subnet.default"
          ]
        }
      ]
    },
    {
      "mode": "managed",
      "type": "null_resource",
      "name": "sync",
      "provider": "provider[\"registry.terraform.io/hashicorp/null\"]",
      "instances": [
        {
          "schema_version": 0,
          "attributes": {
            "id": "3896628637663198605",
            "triggers": null
          },
          "sensitive_attributes": [],
          "private": "bnVsbA==",
          "dependencies": [
            "local_file.inventory",
            "null_resource.cluster",
            "null_resource.wait",
            "yandex_compute_instance.node01",
            "yandex_compute_instance.node02",
            "yandex_compute_instance.node03",
            "yandex_compute_instance.node04",
            "yandex_compute_instance.node05",
            "yandex_compute_instance.node06",
            "yandex_vpc_network.default",
            "yandex_vpc_subnet.default"
          ]
        }
      ]
    },
    {
      "mode": "managed",
      "type": "null_resource",
      "name": "wait",
      "provider": "provider[\"registry.terraform.io/hashicorp/null\"]",
      "instances": [
        {
          "schema_version": 0,
          "attributes": {
            "id": "4899703855690849969",
            "triggers": null
          },
          "sensitive_attributes": [],
          "private": "bnVsbA==",
          "dependencies": [
            "local_file.inventory",
            "yandex_compute_instance.node01",
            "yandex_compute_instance.node02",
            "yandex_compute_instance.node03",
            "yandex_compute_instance.node04",
            "yandex_compute_instance.node05",
            "yandex_compute_instance.node06",
            "yandex_vpc_network.default",
            "yandex_vpc_subnet.default"
          ]
        }
      ]
    },
    {
      "mode": "managed",
      "type": "yandex_compute_instance",
      "name": "node01",
      "provider": "provider[\"registry.terraform.io/yandex-cloud/yandex\"]",
      "instances": [
        {
          "schema_version": 1,
          "attributes": {
            "allow_stopping_for_update": true,
            "boot_disk": [
              {
                "auto_delete": true,
                "device_name": "fhmmepr4g2ajrmoume26",
                "disk_id": "fhmmepr4g2ajrmoume26",
                "initialize_params": [
                  {
                    "block_size": 4096,
                    "description": "",
                    "image_id": "fd873qsg4aju011pqft8",
                    "name": "root-node01",
                    "size": 10,
                    "snapshot_id": "",
                    "type": "network-ssd"
                  }
                ],
                "mode": "READ_WRITE"
              }
            ],
            "created_at": "2022-02-10T07:41:09Z",
            "description": "",
            "folder_id": "b1gv91nek1arrdi9rjkh",
            "fqdn": "node01.netology.yc",
            "hostname": "node01",
            "id": "fhmk3vt721pbu5klecjl",
            "labels": null,
            "metadata": {
              "ssh-keys": "centos:ssh-rsa AAAAB3NzaC1yc2EAAAADAQABAAABgQC+4Nf0GdBWMx+Ssua+edq5r+ZRo3nBAvjtcliuOi8a7e7996bYaSn8JmURTM4WcYZyqZ3meHYR6B5AiF2aKooJ6hSaIx35GlkjZObpbGqkcJznimgNFDuaMVdvC77vn2yur4ZmCUtHXJgLpKYAqwGyLqNp1LcT9danSqei1F76+TDN73lhWthJBFsENWRkXzNHe3pDD2+UMK2s017jWwlnoZqvFWaSsWkDMb5pE0lXA1eYOR+wW7CAVzpLO33TDgkgR7E0qmJpknR9s9slkBrTywNvKPpSr+kvkfiHHd+CN06MuSagYFM31ZO9DuE/bHxEVV6TGKC28AtA9qAXNj1iJQblBkvi4x3w4jGajvhN0jxJyBs2va5tl7sIw9CAmcorh7R9Xoaz6txgfWaHYEFWkJ3ZWkghZWqKXDXz4KpZt79Pu2Q20uP6cDlPdmbmgKDNFwj0VIUkA92M6ZtkHe4MfxrOfAK5OcjQHPxdC0+tWZdxSjPQ9IAUyFop2NhA+Sc= leonid@mac.local\n"
            },
            "name": "node01",
            "network_acceleration_type": "standard",
            "network_interface": [
              {
                "dns_record": [],
                "index": 0,
                "ip_address": "192.168.101.11",
                "ipv4": true,
                "ipv6": false,
                "ipv6_address": "",
                "ipv6_dns_record": [],
                "mac_address": "d0:0d:14:1f:fa:71",
                "nat": true,
                "nat_dns_record": [],
                "nat_ip_address": "178.154.200.125",
                "nat_ip_version": "IPV4",
                "security_group_ids": [],
                "subnet_id": "e9beugncathqd0lnajou"
              }
            ],
            "placement_policy": [
              {
                "placement_group_id": ""
              }
            ],
            "platform_id": "standard-v1",
            "resources": [
              {
                "core_fraction": 100,
                "cores": 4,
                "gpus": 0,
                "memory": 8
              }
            ],
            "scheduling_policy": [
              {
                "preemptible": false
              }
            ],
            "secondary_disk": [],
            "service_account_id": "",
            "status": "running",
            "timeouts": null,
            "zone": "ru-central1-a"
          },
          "sensitive_attributes": [],
          "private": "eyJlMmJmYjczMC1lY2FhLTExZTYtOGY4OC0zNDM2M2JjN2M0YzAiOnsiY3JlYXRlIjozMDAwMDAwMDAwMDAsImRlbGV0ZSI6MzAwMDAwMDAwMDAwLCJ1cGRhdGUiOjMwMDAwMDAwMDAwMH0sInNjaGVtYV92ZXJzaW9uIjoiMSJ9",
          "dependencies": [
            "yandex_vpc_network.default",
            "yandex_vpc_subnet.default"
          ]
        }
      ]
    },
    {
      "mode": "managed",
      "type": "yandex_compute_instance",
      "name": "node02",
      "provider": "provider[\"registry.terraform.io/yandex-cloud/yandex\"]",
      "instances": [
        {
          "schema_version": 1,
          "attributes": {
            "allow_stopping_for_update": true,
            "boot_disk": [
              {
                "auto_delete": true,
                "device_name": "fhmb1qc9orf0roci2d49",
                "disk_id": "fhmb1qc9orf0roci2d49",
                "initialize_params": [
                  {
                    "block_size": 4096,
                    "description": "",
                    "image_id": "fd873qsg4aju011pqft8",
                    "name": "root-node02",
                    "size": 10,
                    "snapshot_id": "",
                    "type": "network-ssd"
                  }
                ],
                "mode": "READ_WRITE"
              }
            ],
            "created_at": "2022-02-10T07:41:09Z",
            "description": "",
            "folder_id": "b1gv91nek1arrdi9rjkh",
            "fqdn": "node02.netology.yc",
            "hostname": "node02",
            "id": "fhmdpuumpqhakbnpth37",
            "labels": null,
            "metadata": {
              "ssh-keys": "centos:ssh-rsa AAAAB3NzaC1yc2EAAAADAQABAAABgQC+4Nf0GdBWMx+Ssua+edq5r+ZRo3nBAvjtcliuOi8a7e7996bYaSn8JmURTM4WcYZyqZ3meHYR6B5AiF2aKooJ6hSaIx35GlkjZObpbGqkcJznimgNFDuaMVdvC77vn2yur4ZmCUtHXJgLpKYAqwGyLqNp1LcT9danSqei1F76+TDN73lhWthJBFsENWRkXzNHe3pDD2+UMK2s017jWwlnoZqvFWaSsWkDMb5pE0lXA1eYOR+wW7CAVzpLO33TDgkgR7E0qmJpknR9s9slkBrTywNvKPpSr+kvkfiHHd+CN06MuSagYFM31ZO9DuE/bHxEVV6TGKC28AtA9qAXNj1iJQblBkvi4x3w4jGajvhN0jxJyBs2va5tl7sIw9CAmcorh7R9Xoaz6txgfWaHYEFWkJ3ZWkghZWqKXDXz4KpZt79Pu2Q20uP6cDlPdmbmgKDNFwj0VIUkA92M6ZtkHe4MfxrOfAK5OcjQHPxdC0+tWZdxSjPQ9IAUyFop2NhA+Sc= leonid@mac.local\n"
            },
            "name": "node02",
            "network_acceleration_type": "standard",
            "network_interface": [
              {
                "dns_record": [],
                "index": 0,
                "ip_address": "192.168.101.12",
                "ipv4": true,
                "ipv6": false,
                "ipv6_address": "",
                "ipv6_dns_record": [],
                "mac_address": "d0:0d:dc:fb:d6:ce",
                "nat": true,
                "nat_dns_record": [],
                "nat_ip_address": "178.154.207.1",
                "nat_ip_version": "IPV4",
                "security_group_ids": [],
                "subnet_id": "e9beugncathqd0lnajou"
              }
            ],
            "placement_policy": [
              {
                "placement_group_id": ""
              }
            ],
            "platform_id": "standard-v1",
            "resources": [
              {
                "core_fraction": 100,
                "cores": 4,
                "gpus": 0,
                "memory": 8
              }
            ],
            "scheduling_policy": [
              {
                "preemptible": false
              }
            ],
            "secondary_disk": [],
            "service_account_id": "",
            "status": "running",
            "timeouts": null,
            "zone": "ru-central1-a"
          },
          "sensitive_attributes": [],
          "private": "eyJlMmJmYjczMC1lY2FhLTExZTYtOGY4OC0zNDM2M2JjN2M0YzAiOnsiY3JlYXRlIjozMDAwMDAwMDAwMDAsImRlbGV0ZSI6MzAwMDAwMDAwMDAwLCJ1cGRhdGUiOjMwMDAwMDAwMDAwMH0sInNjaGVtYV92ZXJzaW9uIjoiMSJ9",
          "dependencies": [
            "yandex_vpc_network.default",
            "yandex_vpc_subnet.default"
          ]
        }
      ]
    },
    {
      "mode": "managed",
      "type": "yandex_compute_instance",
      "name": "node03",
      "provider": "provider[\"registry.terraform.io/yandex-cloud/yandex\"]",
      "instances": [
        {
          "schema_version": 1,
          "attributes": {
            "allow_stopping_for_update": true,
            "boot_disk": [
              {
                "auto_delete": true,
                "device_name": "fhmsp82b0fmitn274jsn",
                "disk_id": "fhmsp82b0fmitn274jsn",
                "initialize_params": [
                  {
                    "block_size": 4096,
                    "description": "",
                    "image_id": "fd873qsg4aju011pqft8",
                    "name": "root-node03",
                    "size": 10,
                    "snapshot_id": "",
                    "type": "network-ssd"
                  }
                ],
                "mode": "READ_WRITE"
              }
            ],
            "created_at": "2022-02-10T07:41:10Z",
            "description": "",
            "folder_id": "b1gv91nek1arrdi9rjkh",
            "fqdn": "node03.netology.yc",
            "hostname": "node03",
            "id": "fhmt1k95khuhpe8h97qg",
            "labels": null,
            "metadata": {
              "ssh-keys": "centos:ssh-rsa AAAAB3NzaC1yc2EAAAADAQABAAABgQC+4Nf0GdBWMx+Ssua+edq5r+ZRo3nBAvjtcliuOi8a7e7996bYaSn8JmURTM4WcYZyqZ3meHYR6B5AiF2aKooJ6hSaIx35GlkjZObpbGqkcJznimgNFDuaMVdvC77vn2yur4ZmCUtHXJgLpKYAqwGyLqNp1LcT9danSqei1F76+TDN73lhWthJBFsENWRkXzNHe3pDD2+UMK2s017jWwlnoZqvFWaSsWkDMb5pE0lXA1eYOR+wW7CAVzpLO33TDgkgR7E0qmJpknR9s9slkBrTywNvKPpSr+kvkfiHHd+CN06MuSagYFM31ZO9DuE/bHxEVV6TGKC28AtA9qAXNj1iJQblBkvi4x3w4jGajvhN0jxJyBs2va5tl7sIw9CAmcorh7R9Xoaz6txgfWaHYEFWkJ3ZWkghZWqKXDXz4KpZt79Pu2Q20uP6cDlPdmbmgKDNFwj0VIUkA92M6ZtkHe4MfxrOfAK5OcjQHPxdC0+tWZdxSjPQ9IAUyFop2NhA+Sc= leonid@mac.local\n"
            },
            "name": "node03",
            "network_acceleration_type": "standard",
            "network_interface": [
              {
                "dns_record": [],
                "index": 0,
                "ip_address": "192.168.101.13",
                "ipv4": true,
                "ipv6": false,
                "ipv6_address": "",
                "ipv6_dns_record": [],
                "mac_address": "d0:0d:1d:0d:12:5a",
                "nat": true,
                "nat_dns_record": [],
                "nat_ip_address": "62.84.126.124",
                "nat_ip_version": "IPV4",
                "security_group_ids": [],
                "subnet_id": "e9beugncathqd0lnajou"
              }
            ],
            "placement_policy": [
              {
                "placement_group_id": ""
              }
            ],
            "platform_id": "standard-v1",
            "resources": [
              {
                "core_fraction": 100,
                "cores": 4,
                "gpus": 0,
                "memory": 8
              }
            ],
            "scheduling_policy": [
              {
                "preemptible": false
              }
            ],
            "secondary_disk": [],
            "service_account_id": "",
            "status": "running",
            "timeouts": null,
            "zone": "ru-central1-a"
          },
          "sensitive_attributes": [],
          "private": "eyJlMmJmYjczMC1lY2FhLTExZTYtOGY4OC0zNDM2M2JjN2M0YzAiOnsiY3JlYXRlIjozMDAwMDAwMDAwMDAsImRlbGV0ZSI6MzAwMDAwMDAwMDAwLCJ1cGRhdGUiOjMwMDAwMDAwMDAwMH0sInNjaGVtYV92ZXJzaW9uIjoiMSJ9",
          "dependencies": [
            "yandex_vpc_network.default",
            "yandex_vpc_subnet.default"
          ]
        }
      ]
    },
    {
      "mode": "managed",
      "type": "yandex_compute_instance",
      "name": "node04",
      "provider": "provider[\"registry.terraform.io/yandex-cloud/yandex\"]",
      "instances": [
        {
          "schema_version": 1,
          "attributes": {
            "allow_stopping_for_update": true,
            "boot_disk": [
              {
                "auto_delete": true,
                "device_name": "fhmh6bcf4j341eq0hobt",
                "disk_id": "fhmh6bcf4j341eq0hobt",
                "initialize_params": [
                  {
                    "block_size": 4096,
                    "description": "",
                    "image_id": "fd873qsg4aju011pqft8",
                    "name": "root-node04",
                    "size": 40,
                    "snapshot_id": "",
                    "type": "network-ssd"
                  }
                ],
                "mode": "READ_WRITE"
              }
            ],
            "created_at": "2022-02-10T07:41:09Z",
            "description": "",
            "folder_id": "b1gv91nek1arrdi9rjkh",
            "fqdn": "node04.netology.yc",
            "hostname": "node04",
            "id": "fhmf7upnakcphrtpoik3",
            "labels": null,
            "metadata": {
              "ssh-keys": "centos:ssh-rsa AAAAB3NzaC1yc2EAAAADAQABAAABgQC+4Nf0GdBWMx+Ssua+edq5r+ZRo3nBAvjtcliuOi8a7e7996bYaSn8JmURTM4WcYZyqZ3meHYR6B5AiF2aKooJ6hSaIx35GlkjZObpbGqkcJznimgNFDuaMVdvC77vn2yur4ZmCUtHXJgLpKYAqwGyLqNp1LcT9danSqei1F76+TDN73lhWthJBFsENWRkXzNHe3pDD2+UMK2s017jWwlnoZqvFWaSsWkDMb5pE0lXA1eYOR+wW7CAVzpLO33TDgkgR7E0qmJpknR9s9slkBrTywNvKPpSr+kvkfiHHd+CN06MuSagYFM31ZO9DuE/bHxEVV6TGKC28AtA9qAXNj1iJQblBkvi4x3w4jGajvhN0jxJyBs2va5tl7sIw9CAmcorh7R9Xoaz6txgfWaHYEFWkJ3ZWkghZWqKXDXz4KpZt79Pu2Q20uP6cDlPdmbmgKDNFwj0VIUkA92M6ZtkHe4MfxrOfAK5OcjQHPxdC0+tWZdxSjPQ9IAUyFop2NhA+Sc= leonid@mac.local\n"
            },
            "name": "node04",
            "network_acceleration_type": "standard",
            "network_interface": [
              {
                "dns_record": [],
                "index": 0,
                "ip_address": "192.168.101.14",
                "ipv4": true,
                "ipv6": false,
                "ipv6_address": "",
                "ipv6_dns_record": [],
                "mac_address": "d0:0d:f3:fb:37:55",
                "nat": true,
                "nat_dns_record": [],
                "nat_ip_address": "178.154.201.235",
                "nat_ip_version": "IPV4",
                "security_group_ids": [],
                "subnet_id": "e9beugncathqd0lnajou"
              }
            ],
            "placement_policy": [
              {
                "placement_group_id": ""
              }
            ],
            "platform_id": "standard-v1",
            "resources": [
              {
                "core_fraction": 100,
                "cores": 4,
                "gpus": 0,
                "memory": 8
              }
            ],
            "scheduling_policy": [
              {
                "preemptible": false
              }
            ],
            "secondary_disk": [],
            "service_account_id": "",
            "status": "running",
            "timeouts": null,
            "zone": "ru-central1-a"
          },
          "sensitive_attributes": [],
          "private": "eyJlMmJmYjczMC1lY2FhLTExZTYtOGY4OC0zNDM2M2JjN2M0YzAiOnsiY3JlYXRlIjozMDAwMDAwMDAwMDAsImRlbGV0ZSI6MzAwMDAwMDAwMDAwLCJ1cGRhdGUiOjMwMDAwMDAwMDAwMH0sInNjaGVtYV92ZXJzaW9uIjoiMSJ9",
          "dependencies": [
            "yandex_vpc_network.default",
            "yandex_vpc_subnet.default"
          ]
        }
      ]
    },
    {
      "mode": "managed",
      "type": "yandex_compute_instance",
      "name": "node05",
      "provider": "provider[\"registry.terraform.io/yandex-cloud/yandex\"]",
      "instances": [
        {
          "schema_version": 1,
          "attributes": {
            "allow_stopping_for_update": true,
            "boot_disk": [
              {
                "auto_delete": true,
                "device_name": "fhmjdjlsje87kareaugi",
                "disk_id": "fhmjdjlsje87kareaugi",
                "initialize_params": [
                  {
                    "block_size": 4096,
                    "description": "",
                    "image_id": "fd873qsg4aju011pqft8",
                    "name": "root-node05",
                    "size": 40,
                    "snapshot_id": "",
                    "type": "network-ssd"
                  }
                ],
                "mode": "READ_WRITE"
              }
            ],
            "created_at": "2022-02-10T07:41:09Z",
            "description": "",
            "folder_id": "b1gv91nek1arrdi9rjkh",
            "fqdn": "node05.netology.yc",
            "hostname": "node05",
            "id": "fhm1o0gdbmst3b7l5n4v",
            "labels": null,
            "metadata": {
              "ssh-keys": "centos:ssh-rsa AAAAB3NzaC1yc2EAAAADAQABAAABgQC+4Nf0GdBWMx+Ssua+edq5r+ZRo3nBAvjtcliuOi8a7e7996bYaSn8JmURTM4WcYZyqZ3meHYR6B5AiF2aKooJ6hSaIx35GlkjZObpbGqkcJznimgNFDuaMVdvC77vn2yur4ZmCUtHXJgLpKYAqwGyLqNp1LcT9danSqei1F76+TDN73lhWthJBFsENWRkXzNHe3pDD2+UMK2s017jWwlnoZqvFWaSsWkDMb5pE0lXA1eYOR+wW7CAVzpLO33TDgkgR7E0qmJpknR9s9slkBrTywNvKPpSr+kvkfiHHd+CN06MuSagYFM31ZO9DuE/bHxEVV6TGKC28AtA9qAXNj1iJQblBkvi4x3w4jGajvhN0jxJyBs2va5tl7sIw9CAmcorh7R9Xoaz6txgfWaHYEFWkJ3ZWkghZWqKXDXz4KpZt79Pu2Q20uP6cDlPdmbmgKDNFwj0VIUkA92M6ZtkHe4MfxrOfAK5OcjQHPxdC0+tWZdxSjPQ9IAUyFop2NhA+Sc= leonid@mac.local\n"
            },
            "name": "node05",
            "network_acceleration_type": "standard",
            "network_interface": [
              {
                "dns_record": [],
                "index": 0,
                "ip_address": "192.168.101.15",
                "ipv4": true,
                "ipv6": false,
                "ipv6_address": "",
                "ipv6_dns_record": [],
                "mac_address": "d0:0d:1c:02:0d:5d",
                "nat": true,
                "nat_dns_record": [],
                "nat_ip_address": "178.154.205.80",
                "nat_ip_version": "IPV4",
                "security_group_ids": [],
                "subnet_id": "e9beugncathqd0lnajou"
              }
            ],
            "placement_policy": [
              {
                "placement_group_id": ""
              }
            ],
            "platform_id": "standard-v1",
            "resources": [
              {
                "core_fraction": 100,
                "cores": 4,
                "gpus": 0,
                "memory": 8
              }
            ],
            "scheduling_policy": [
              {
                "preemptible": false
              }
            ],
            "secondary_disk": [],
            "service_account_id": "",
            "status": "running",
            "timeouts": null,
            "zone": "ru-central1-a"
          },
          "sensitive_attributes": [],
          "private": "eyJlMmJmYjczMC1lY2FhLTExZTYtOGY4OC0zNDM2M2JjN2M0YzAiOnsiY3JlYXRlIjozMDAwMDAwMDAwMDAsImRlbGV0ZSI6MzAwMDAwMDAwMDAwLCJ1cGRhdGUiOjMwMDAwMDAwMDAwMH0sInNjaGVtYV92ZXJzaW9uIjoiMSJ9",
          "dependencies": [
            "yandex_vpc_network.default",
            "yandex_vpc_subnet.default"
          ]
        }
      ]
    },
    {
      "mode": "managed",
      "type": "yandex_compute_instance",
      "name": "node06",
      "provider": "provider[\"registry.terraform.io/yandex-cloud/yandex\"]",
      "instances": [
        {
          "schema_version": 1,
          "attributes": {
            "allow_stopping_for_update": true,
            "boot_disk": [
              {
                "auto_delete": true,
                "device_name": "fhmf4561788ch5793irr",
                "disk_id": "fhmf4561788ch5793irr",
                "initialize_params": [
                  {
                    "block_size": 4096,
                    "description": "",
                    "image_id": "fd873qsg4aju011pqft8",
                    "name": "root-node06",
                    "size": 40,
                    "snapshot_id": "",
                    "type": "network-ssd"
                  }
                ],
                "mode": "READ_WRITE"
              }
            ],
            "created_at": "2022-02-10T07:41:09Z",
            "description": "",
            "folder_id": "b1gv91nek1arrdi9rjkh",
            "fqdn": "node06.netology.yc",
            "hostname": "node06",
            "id": "fhmb2naikbb128k8on6q",
            "labels": null,
            "metadata": {
              "ssh-keys": "centos:ssh-rsa AAAAB3NzaC1yc2EAAAADAQABAAABgQC+4Nf0GdBWMx+Ssua+edq5r+ZRo3nBAvjtcliuOi8a7e7996bYaSn8JmURTM4WcYZyqZ3meHYR6B5AiF2aKooJ6hSaIx35GlkjZObpbGqkcJznimgNFDuaMVdvC77vn2yur4ZmCUtHXJgLpKYAqwGyLqNp1LcT9danSqei1F76+TDN73lhWthJBFsENWRkXzNHe3pDD2+UMK2s017jWwlnoZqvFWaSsWkDMb5pE0lXA1eYOR+wW7CAVzpLO33TDgkgR7E0qmJpknR9s9slkBrTywNvKPpSr+kvkfiHHd+CN06MuSagYFM31ZO9DuE/bHxEVV6TGKC28AtA9qAXNj1iJQblBkvi4x3w4jGajvhN0jxJyBs2va5tl7sIw9CAmcorh7R9Xoaz6txgfWaHYEFWkJ3ZWkghZWqKXDXz4KpZt79Pu2Q20uP6cDlPdmbmgKDNFwj0VIUkA92M6ZtkHe4MfxrOfAK5OcjQHPxdC0+tWZdxSjPQ9IAUyFop2NhA+Sc= leonid@mac.local\n"
            },
            "name": "node06",
            "network_acceleration_type": "standard",
            "network_interface": [
              {
                "dns_record": [],
                "index": 0,
                "ip_address": "192.168.101.16",
                "ipv4": true,
                "ipv6": false,
                "ipv6_address": "",
                "ipv6_dns_record": [],
                "mac_address": "d0:0d:b1:5d:52:a2",
                "nat": true,
                "nat_dns_record": [],
                "nat_ip_address": "62.84.125.133",
                "nat_ip_version": "IPV4",
                "security_group_ids": [],
                "subnet_id": "e9beugncathqd0lnajou"
              }
            ],
            "placement_policy": [
              {
                "placement_group_id": ""
              }
            ],
            "platform_id": "standard-v1",
            "resources": [
              {
                "core_fraction": 100,
                "cores": 4,
                "gpus": 0,
                "memory": 8
              }
            ],
            "scheduling_policy": [
              {
                "preemptible": false
              }
            ],
            "secondary_disk": [],
            "service_account_id": "",
            "status": "running",
            "timeouts": null,
            "zone": "ru-central1-a"
          },
          "sensitive_attributes": [],
          "private": "eyJlMmJmYjczMC1lY2FhLTExZTYtOGY4OC0zNDM2M2JjN2M0YzAiOnsiY3JlYXRlIjozMDAwMDAwMDAwMDAsImRlbGV0ZSI6MzAwMDAwMDAwMDAwLCJ1cGRhdGUiOjMwMDAwMDAwMDAwMH0sInNjaGVtYV92ZXJzaW9uIjoiMSJ9",
          "dependencies": [
            "yandex_vpc_network.default",
            "yandex_vpc_subnet.default"
          ]
        }
      ]
    },
    {
      "mode": "managed",
      "type": "yandex_vpc_network",
      "name": "default",
      "provider": "provider[\"registry.terraform.io/yandex-cloud/yandex\"]",
      "instances": [
        {
          "schema_version": 0,
          "attributes": {
            "created_at": "2022-02-10T07:41:07Z",
            "default_security_group_id": "",
            "description": "",
            "folder_id": "b1gv91nek1arrdi9rjkh",
            "id": "enp08nidoapl8km3qnpn",
            "labels": {},
            "name": "net",
            "subnet_ids": [],
            "timeouts": null
          },
          "sensitive_attributes": [],
          "private": "eyJlMmJmYjczMC1lY2FhLTExZTYtOGY4OC0zNDM2M2JjN2M0YzAiOnsiY3JlYXRlIjo2MDAwMDAwMDAwMCwiZGVsZXRlIjo2MDAwMDAwMDAwMCwidXBkYXRlIjo2MDAwMDAwMDAwMH19"
        }
      ]
    },
    {
      "mode": "managed",
      "type": "yandex_vpc_subnet",
      "name": "default",
      "provider": "provider[\"registry.terraform.io/yandex-cloud/yandex\"]",
      "instances": [
        {
          "schema_version": 0,
          "attributes": {
            "created_at": "2022-02-10T07:41:08Z",
            "description": "",
            "dhcp_options": [],
            "folder_id": "b1gv91nek1arrdi9rjkh",
            "id": "e9beugncathqd0lnajou",
            "labels": {},
            "name": "subnet",
            "network_id": "enp08nidoapl8km3qnpn",
            "route_table_id": "",
            "timeouts": null,
            "v4_cidr_blocks": [
              "192.168.101.0/24"
            ],
            "v6_cidr_blocks": [],
            "zone": "ru-central1-a"
          },
          "sensitive_attributes": [],
          "private": "eyJlMmJmYjczMC1lY2FhLTExZTYtOGY4OC0zNDM2M2JjN2M0YzAiOnsiY3JlYXRlIjoxODAwMDAwMDAwMDAsImRlbGV0ZSI6MTgwMDAwMDAwMDAwLCJ1cGRhdGUiOjE4MDAwMDAwMDAwMH19",
          "dependencies": [
            "yandex_vpc_network.default"
          ]
        }
      ]
    }
  ]
}
